
Microsoft Visual Studio Solution File, Format Version 12.00
Project("{FAE04EC0-301F-11D3-BF4B-00C04F79EFBC}") = "MovieApp", "MovieApp\MovieApp.csproj", "{2F4E7D13-32A4-4CA6-9CB5-0FC1D0DD2515}"
EndProject
Global
	GlobalSection(SolutionConfigurationPlatforms) = preSolution
		Debug|Any CPU = Debug|Any CPU
		Release|Any CPU = Release|Any CPU
	EndGlobalSection
	GlobalSection(ProjectConfigurationPlatforms) = postSolution
		{2F4E7D13-32A4-4CA6-9CB5-0FC1D0DD2515}.Debug|Any CPU.ActiveCfg = Debug|Any CPU
		{2F4E7D13-32A4-4CA6-9CB5-0FC1D0DD2515}.Debug|Any CPU.Build.0 = Debug|Any CPU
		{2F4E7D13-32A4-4CA6-9CB5-0FC1D0DD2515}.Release|Any CPU.ActiveCfg = Release|Any CPU
		{2F4E7D13-32A4-4CA6-9CB5-0FC1D0DD2515}.Release|Any CPU.Build.0 = Release|Any CPU
	EndGlobalSection
EndGlobal
